
Microsoft Visual Studio Solution File, Format Version 12.00
# Visual Studio Version 17
VisualStudioVersion = 17.4.33213.308
MinimumVisualStudioVersion = 10.0.40219.1
Project("{FAE04EC0-301F-11D3-BF4B-00C04F79EFBC}") = "DataSource", "DataSource\DataSource.csproj", "{9CD04DB3-D0A8-45AC-B204-E11D3DD12A66}"
EndProject
Global
	GlobalSection(SolutionConfigurationPlatforms) = preSolution
		Debug|Any CPU = Debug|Any CPU
		Release|Any CPU = Release|Any CPU
	EndGlobalSection
	GlobalSection(ProjectConfigurationPlatforms) = postSolution
		{9CD04DB3-D0A8-45AC-B204-E11D3DD12A66}.Debug|Any CPU.ActiveCfg = Debug|Any CPU
		{9CD04DB3-D0A8-45AC-B204-E11D3DD12A66}.Debug|Any CPU.Build.0 = Debug|Any CPU
		{9CD04DB3-D0A8-45AC-B204-E11D3DD12A66}.Release|Any CPU.ActiveCfg = Release|Any CPU
		{9CD04DB3-D0A8-45AC-B204-E11D3DD12A66}.Release|Any CPU.Build.0 = Release|Any CPU
	EndGlobalSection
	GlobalSection(SolutionProperties) = preSolution
		HideSolutionNode = FALSE
	EndGlobalSection
	GlobalSection(ExtensibilityGlobals) = postSolution
		SolutionGuid = {255C0521-1C4B-4A62-A10A-AABD22F2321F}
	EndGlobalSection
EndGlobal
